
Microsoft Visual Studio Solution File, Format Version 12.00
# Visual Studio Version 17
VisualStudioVersion = 17.8.34330.188
MinimumVisualStudioVersion = 10.0.40219.1
Project("{FAE04EC0-301F-11D3-BF4B-00C04F79EFBC}") = "Assignment5", "Assignment5\Assignment5.csproj", "{9E102B52-1B09-488C-870D-C3B247B0D5FD}"
EndProject
Global
	GlobalSection(SolutionConfigurationPlatforms) = preSolution
		Debug|Any CPU = Debug|Any CPU
		Release|Any CPU = Release|Any CPU
	EndGlobalSection
	GlobalSection(ProjectConfigurationPlatforms) = postSolution
		{9E102B52-1B09-488C-870D-C3B247B0D5FD}.Debug|Any CPU.ActiveCfg = Debug|Any CPU
		{9E102B52-1B09-488C-870D-C3B247B0D5FD}.Debug|Any CPU.Build.0 = Debug|Any CPU
		{9E102B52-1B09-488C-870D-C3B247B0D5FD}.Release|Any CPU.ActiveCfg = Release|Any CPU
		{9E102B52-1B09-488C-870D-C3B247B0D5FD}.Release|Any CPU.Build.0 = Release|Any CPU
	EndGlobalSection
	GlobalSection(SolutionProperties) = preSolution
		HideSolutionNode = FALSE
	EndGlobalSection
	GlobalSection(ExtensibilityGlobals) = postSolution
		SolutionGuid = {C46443E8-7FDF-40A8-9468-5B5921281ADE}
	EndGlobalSection
EndGlobal
